
Microsoft Visual Studio Solution File, Format Version 12.00
# Visual Studio Version 17
VisualStudioVersion = 17.0.31919.166
MinimumVisualStudioVersion = 10.0.40219.1
Project("{FAE04EC0-301F-11D3-BF4B-00C04F79EFBC}") = "desafio2", "desafio2\desafio2.csproj", "{ED218C90-ACDA-4E6C-8450-A075A2C94198}"
EndProject
Global
	GlobalSection(SolutionConfigurationPlatforms) = preSolution
		Debug|Any CPU = Debug|Any CPU
		Release|Any CPU = Release|Any CPU
	EndGlobalSection
	GlobalSection(ProjectConfigurationPlatforms) = postSolution
		{ED218C90-ACDA-4E6C-8450-A075A2C94198}.Debug|Any CPU.ActiveCfg = Debug|Any CPU
		{ED218C90-ACDA-4E6C-8450-A075A2C94198}.Debug|Any CPU.Build.0 = Debug|Any CPU
		{ED218C90-ACDA-4E6C-8450-A075A2C94198}.Release|Any CPU.ActiveCfg = Release|Any CPU
		{ED218C90-ACDA-4E6C-8450-A075A2C94198}.Release|Any CPU.Build.0 = Release|Any CPU
	EndGlobalSection
	GlobalSection(SolutionProperties) = preSolution
		HideSolutionNode = FALSE
	EndGlobalSection
	GlobalSection(ExtensibilityGlobals) = postSolution
		SolutionGuid = {D84214DB-A117-4E3E-8D52-E8F277E15B11}
	EndGlobalSection
EndGlobal
